
Microsoft Visual Studio Solution File, Format Version 12.00
# Visual Studio Version 17
VisualStudioVersion = 17.4.33213.308
MinimumVisualStudioVersion = 10.0.40219.1
Project("{8BC9CEB8-8B4A-11D0-8D11-00A0C91BC942}") = "CS1", "Operator\Operator.vcxproj", "{05ADF9CE-3EFC-409F-B826-59997D08ADD7}"
EndProject
Project("{8BC9CEB8-8B4A-11D0-8D11-00A0C91BC942}") = "CS2", "CS2\CS2.vcxproj", "{B4CF5760-690E-42B9-BE94-38F09630F362}"
EndProject
Project("{8BC9CEB8-8B4A-11D0-8D11-00A0C91BC942}") = "CS3", "CS3\CS3.vcxproj", "{430EBAFE-263B-43BF-AFDB-6818BB640B16}"
EndProject
Project("{8BC9CEB8-8B4A-11D0-8D11-00A0C91BC942}") = "CS4", "CS4\CS4.vcxproj", "{70DCD76C-02A9-40DB-A0B3-78745EE92DEF}"
EndProject
Project("{8BC9CEB8-8B4A-11D0-8D11-00A0C91BC942}") = "CS5", "CS5\CS5.vcxproj", "{91738649-8FBB-4483-9B20-D0CD6E41BD43}"
EndProject
Project("{8BC9CEB8-8B4A-11D0-8D11-00A0C91BC942}") = "CS6", "CS6\CS6.vcxproj", "{FA4109D2-A4DD-4100-B2A9-5FA6330818D4}"
EndProject
Project("{8BC9CEB8-8B4A-11D0-8D11-00A0C91BC942}") = "CS7", "CS7\CS7.vcxproj", "{56955E8D-4CAF-4CB0-BF5B-E0E8180CD594}"
EndProject
Project("{8BC9CEB8-8B4A-11D0-8D11-00A0C91BC942}") = "CS8", "CS8\CS8.vcxproj", "{5FB830A4-1E0F-43AB-9AAE-19826E3D67BD}"
EndProject
Project("{8BC9CEB8-8B4A-11D0-8D11-00A0C91BC942}") = "CS9", "CS9\CS9.vcxproj", "{0C8CFBCE-732A-409E-BECA-D7FC8E3F302B}"
EndProject
Project("{8BC9CEB8-8B4A-11D0-8D11-00A0C91BC942}") = "CS10", "CS10\CS10.vcxproj", "{0FB640F4-4184-4EE1-AD62-297F1946C918}"
EndProject
Global
	GlobalSection(SolutionConfigurationPlatforms) = preSolution
		Debug|x64 = Debug|x64
		Debug|x86 = Debug|x86
		Release|x64 = Release|x64
		Release|x86 = Release|x86
	EndGlobalSection
	GlobalSection(ProjectConfigurationPlatforms) = postSolution
		{05ADF9CE-3EFC-409F-B826-59997D08ADD7}.Debug|x64.ActiveCfg = Debug|x64
		{05ADF9CE-3EFC-409F-B826-59997D08ADD7}.Debug|x64.Build.0 = Debug|x64
		{05ADF9CE-3EFC-409F-B826-59997D08ADD7}.Debug|x86.ActiveCfg = Debug|Win32
		{05ADF9CE-3EFC-409F-B826-59997D08ADD7}.Debug|x86.Build.0 = Debug|Win32
		{05ADF9CE-3EFC-409F-B826-59997D08ADD7}.Release|x64.ActiveCfg = Release|x64
		{05ADF9CE-3EFC-409F-B826-59997D08ADD7}.Release|x64.Build.0 = Release|x64
		{05ADF9CE-3EFC-409F-B826-59997D08ADD7}.Release|x86.ActiveCfg = Release|Win32
		{05ADF9CE-3EFC-409F-B826-59997D08ADD7}.Release|x86.Build.0 = Release|Win32
		{B4CF5760-690E-42B9-BE94-38F09630F362}.Debug|x64.ActiveCfg = Debug|x64
		{B4CF5760-690E-42B9-BE94-38F09630F362}.Debug|x64.Build.0 = Debug|x64
		{B4CF5760-690E-42B9-BE94-38F09630F362}.Debug|x86.ActiveCfg = Debug|Win32
		{B4CF5760-690E-42B9-BE94-38F09630F362}.Debug|x86.Build.0 = Debug|Win32
		{B4CF5760-690E-42B9-BE94-38F09630F362}.Release|x64.ActiveCfg = Release|x64
		{B4CF5760-690E-42B9-BE94-38F09630F362}.Release|x64.Build.0 = Release|x64
		{B4CF5760-690E-42B9-BE94-38F09630F362}.Release|x86.ActiveCfg = Release|Win32
		{B4CF5760-690E-42B9-BE94-38F09630F362}.Release|x86.Build.0 = Release|Win32
		{430EBAFE-263B-43BF-AFDB-6818BB640B16}.Debug|x64.ActiveCfg = Debug|x64
		{430EBAFE-263B-43BF-AFDB-6818BB640B16}.Debug|x64.Build.0 = Debug|x64
		{430EBAFE-263B-43BF-AFDB-6818BB640B16}.Debug|x86.ActiveCfg = Debug|Win32
		{430EBAFE-263B-43BF-AFDB-6818BB640B16}.Debug|x86.Build.0 = Debug|Win32
		{430EBAFE-263B-43BF-AFDB-6818BB640B16}.Release|x64.ActiveCfg = Release|x64
		{430EBAFE-263B-43BF-AFDB-6818BB640B16}.Release|x64.Build.0 = Release|x64
		{430EBAFE-263B-43BF-AFDB-6818BB640B16}.Release|x86.ActiveCfg = Release|Win32
		{430EBAFE-263B-43BF-AFDB-6818BB640B16}.Release|x86.Build.0 = Release|Win32
		{70DCD76C-02A9-40DB-A0B3-78745EE92DEF}.Debug|x64.ActiveCfg = Debug|x64
		{70DCD76C-02A9-40DB-A0B3-78745EE92DEF}.Debug|x64.Build.0 = Debug|x64
		{70DCD76C-02A9-40DB-A0B3-78745EE92DEF}.Debug|x86.ActiveCfg = Debug|Win32
		{70DCD76C-02A9-40DB-A0B3-78745EE92DEF}.Debug|x86.Build.0 = Debug|Win32
		{70DCD76C-02A9-40DB-A0B3-78745EE92DEF}.Release|x64.ActiveCfg = Release|x64
		{70DCD76C-02A9-40DB-A0B3-78745EE92DEF}.Release|x64.Build.0 = Release|x64
		{70DCD76C-02A9-40DB-A0B3-78745EE92DEF}.Release|x86.ActiveCfg = Release|Win32
		{70DCD76C-02A9-40DB-A0B3-78745EE92DEF}.Release|x86.Build.0 = Release|Win32
		{91738649-8FBB-4483-9B20-D0CD6E41BD43}.Debug|x64.ActiveCfg = Debug|x64
		{91738649-8FBB-4483-9B20-D0CD6E41BD43}.Debug|x64.Build.0 = Debug|x64
		{91738649-8FBB-4483-9B20-D0CD6E41BD43}.Debug|x86.ActiveCfg = Debug|Win32
		{91738649-8FBB-4483-9B20-D0CD6E41BD43}.Debug|x86.Build.0 = Debug|Win32
		{91738649-8FBB-4483-9B20-D0CD6E41BD43}.Release|x64.ActiveCfg = Release|x64
		{91738649-8FBB-4483-9B20-D0CD6E41BD43}.Release|x64.Build.0 = Release|x64
		{91738649-8FBB-4483-9B20-D0CD6E41BD43}.Release|x86.ActiveCfg = Release|Win32
		{91738649-8FBB-4483-9B20-D0CD6E41BD43}.Release|x86.Build.0 = Release|Win32
		{FA4109D2-A4DD-4100-B2A9-5FA6330818D4}.Debug|x64.ActiveCfg = Debug|x64
		{FA4109D2-A4DD-4100-B2A9-5FA6330818D4}.Debug|x64.Build.0 = Debug|x64
		{FA4109D2-A4DD-4100-B2A9-5FA6330818D4}.Debug|x86.ActiveCfg = Debug|Win32
		{FA4109D2-A4DD-4100-B2A9-5FA6330818D4}.Debug|x86.Build.0 = Debug|Win32
		{FA4109D2-A4DD-4100-B2A9-5FA6330818D4}.Release|x64.ActiveCfg = Release|x64
		{FA4109D2-A4DD-4100-B2A9-5FA6330818D4}.Release|x64.Build.0 = Release|x64
		{FA4109D2-A4DD-4100-B2A9-5FA6330818D4}.Release|x86.ActiveCfg = Release|Win32
		{FA4109D2-A4DD-4100-B2A9-5FA6330818D4}.Release|x86.Build.0 = Release|Win32
		{56955E8D-4CAF-4CB0-BF5B-E0E8180CD594}.Debug|x64.ActiveCfg = Debug|x64
		{56955E8D-4CAF-4CB0-BF5B-E0E8180CD594}.Debug|x64.Build.0 = Debug|x64
		{56955E8D-4CAF-4CB0-BF5B-E0E8180CD594}.Debug|x86.ActiveCfg = Debug|Win32
		{56955E8D-4CAF-4CB0-BF5B-E0E8180CD594}.Debug|x86.Build.0 = Debug|Win32
		{56955E8D-4CAF-4CB0-BF5B-E0E8180CD594}.Release|x64.ActiveCfg = Release|x64
		{56955E8D-4CAF-4CB0-BF5B-E0E8180CD594}.Release|x64.Build.0 = Release|x64
		{56955E8D-4CAF-4CB0-BF5B-E0E8180CD594}.Release|x86.ActiveCfg = Release|Win32
		{56955E8D-4CAF-4CB0-BF5B-E0E8180CD594}.Release|x86.Build.0 = Release|Win32
		{5FB830A4-1E0F-43AB-9AAE-19826E3D67BD}.Debug|x64.ActiveCfg = Debug|x64
		{5FB830A4-1E0F-43AB-9AAE-19826E3D67BD}.Debug|x64.Build.0 = Debug|x64
		{5FB830A4-1E0F-43AB-9AAE-19826E3D67BD}.Debug|x86.ActiveCfg = Debug|Win32
		{5FB830A4-1E0F-43AB-9AAE-19826E3D67BD}.Debug|x86.Build.0 = Debug|Win32
		{5FB830A4-1E0F-43AB-9AAE-19826E3D67BD}.Release|x64.ActiveCfg = Release|x64
		{5FB830A4-1E0F-43AB-9AAE-19826E3D67BD}.Release|x64.Build.0 = Release|x64
		{5FB830A4-1E0F-43AB-9AAE-19826E3D67BD}.Release|x86.ActiveCfg = Release|Win32
		{5FB830A4-1E0F-43AB-9AAE-19826E3D67BD}.Release|x86.Build.0 = Release|Win32
		{0C8CFBCE-732A-409E-BECA-D7FC8E3F302B}.Debug|x64.ActiveCfg = Debug|x64
		{0C8CFBCE-732A-409E-BECA-D7FC8E3F302B}.Debug|x64.Build.0 = Debug|x64
		{0C8CFBCE-732A-409E-BECA-D7FC8E3F302B}.Debug|x86.ActiveCfg = Debug|Win32
		{0C8CFBCE-732A-409E-BECA-D7FC8E3F302B}.Debug|x86.Build.0 = Debug|Win32
		{0C8CFBCE-732A-409E-BECA-D7FC8E3F302B}.Release|x64.ActiveCfg = Release|x64
		{0C8CFBCE-732A-409E-BECA-D7FC8E3F302B}.Release|x64.Build.0 = Release|x64
		{0C8CFBCE-732A-409E-BECA-D7FC8E3F302B}.Release|x86.ActiveCfg = Release|Win32
		{0C8CFBCE-732A-409E-BECA-D7FC8E3F302B}.Release|x86.Build.0 = Release|Win32
		{0FB640F4-4184-4EE1-AD62-297F1946C918}.Debug|x64.ActiveCfg = Debug|x64
		{0FB640F4-4184-4EE1-AD62-297F1946C918}.Debug|x64.Build.0 = Debug|x64
		{0FB640F4-4184-4EE1-AD62-297F1946C918}.Debug|x86.ActiveCfg = Debug|Win32
		{0FB640F4-4184-4EE1-AD62-297F1946C918}.Debug|x86.Build.0 = Debug|Win32
		{0FB640F4-4184-4EE1-AD62-297F1946C918}.Release|x64.ActiveCfg = Release|x64
		{0FB640F4-4184-4EE1-AD62-297F1946C918}.Release|x64.Build.0 = Release|x64
		{0FB640F4-4184-4EE1-AD62-297F1946C918}.Release|x86.ActiveCfg = Release|Win32
		{0FB640F4-4184-4EE1-AD62-297F1946C918}.Release|x86.Build.0 = Release|Win32
	EndGlobalSection
	GlobalSection(SolutionProperties) = preSolution
		HideSolutionNode = FALSE
	EndGlobalSection
	GlobalSection(ExtensibilityGlobals) = postSolution
		SolutionGuid = {3E9342C6-2D70-47AD-A1EB-CB026A48AFDB}
	EndGlobalSection
EndGlobal
