
Microsoft Visual Studio Solution File, Format Version 12.00
# Visual Studio Version 17
VisualStudioVersion = 17.4.33213.308
MinimumVisualStudioVersion = 10.0.40219.1
Project("{8BC9CEB8-8B4A-11D0-8D11-00A0C91BC942}") = "CS1", "CalısmaSorusu11\CalısmaSorusu11.vcxproj", "{6FAF4DDE-8428-4FD9-9347-BC63F14BD315}"
EndProject
Project("{8BC9CEB8-8B4A-11D0-8D11-00A0C91BC942}") = "CS2", "..\CS2\CS2.vcxproj", "{3FAB07A3-ACC2-4844-9748-A50211520786}"
EndProject
Project("{8BC9CEB8-8B4A-11D0-8D11-00A0C91BC942}") = "CS3", "..\CS3\CS3.vcxproj", "{BD458AD0-F68E-4250-BD70-5E8BF761751C}"
EndProject
Project("{8BC9CEB8-8B4A-11D0-8D11-00A0C91BC942}") = "CS4", "..\CS4\CS4.vcxproj", "{C7BDEE5E-010E-4617-8055-CAC607594625}"
EndProject
Project("{8BC9CEB8-8B4A-11D0-8D11-00A0C91BC942}") = "CS5", "..\CS5\CS5.vcxproj", "{C64C2526-6267-4ABA-8F96-726A6F5307ED}"
EndProject
Project("{8BC9CEB8-8B4A-11D0-8D11-00A0C91BC942}") = "CS6", "..\CS6\CS6.vcxproj", "{F2AD668D-7DDA-4846-A53C-71F8B40090E4}"
EndProject
Project("{8BC9CEB8-8B4A-11D0-8D11-00A0C91BC942}") = "CS7", "..\CS7\CS7.vcxproj", "{7A3C97B4-DDE2-4968-8C0E-7722413C4A79}"
EndProject
Project("{2150E333-8FDC-42A3-9474-1A3956D46DE8}") = "1.Hafta(Pointer)", "1.Hafta(Pointer)", "{BA2E671B-1D23-4A12-BE9C-9053A27CC596}"
EndProject
Project("{2150E333-8FDC-42A3-9474-1A3956D46DE8}") = "2.Hafta(Class)", "2.Hafta(Class)", "{E5B16ADD-E13A-4D24-80F7-5B5772B6CE5A}"
EndProject
Project("{8BC9CEB8-8B4A-11D0-8D11-00A0C91BC942}") = "CS1.1", "..\CS1.1\CS1.1.vcxproj", "{5BF97ADE-1CFB-4918-BB18-861BEA392790}"
EndProject
Project("{8BC9CEB8-8B4A-11D0-8D11-00A0C91BC942}") = "CS2.1", "..\CS2.1\CS2.1.vcxproj", "{3E2B21A7-5CE5-4652-AB35-83E17E64F52C}"
EndProject
Project("{8BC9CEB8-8B4A-11D0-8D11-00A0C91BC942}") = "CS3.1", "..\CS3.1\CS3.1.vcxproj", "{2CCB26E6-E668-436A-8391-B7FBD6946C4E}"
EndProject
Project("{8BC9CEB8-8B4A-11D0-8D11-00A0C91BC942}") = "CS4.1", "..\CS4.1\CS4.1.vcxproj", "{A27D0A56-7885-4667-B66D-16F4F9009EB4}"
EndProject
Project("{8BC9CEB8-8B4A-11D0-8D11-00A0C91BC942}") = "CS5.1", "..\CS5.1\CS5.1.vcxproj", "{1CA329DD-DA5E-49D2-90F5-07CB409B2C27}"
EndProject
Project("{8BC9CEB8-8B4A-11D0-8D11-00A0C91BC942}") = "CS6.1", "..\CS6.1\CS6.1.vcxproj", "{959296E4-F3BB-46ED-AD82-A95D84CA19C7}"
EndProject
Project("{8BC9CEB8-8B4A-11D0-8D11-00A0C91BC942}") = "CS7.1", "..\CS7.1\CS7.1.vcxproj", "{9AEF9924-4947-4984-9B26-11FBD883FDAA}"
EndProject
Project("{8BC9CEB8-8B4A-11D0-8D11-00A0C91BC942}") = "CS8.1", "..\CS8.1\CS8.1.vcxproj", "{9AA9D49B-CD8D-459D-95B4-84677AB9D5ED}"
EndProject
Project("{8BC9CEB8-8B4A-11D0-8D11-00A0C91BC942}") = "CS9.1", "..\CS9.1\CS9.1.vcxproj", "{26C8E1B6-F556-4785-8423-DEA26E9ED2E0}"
EndProject
Project("{2150E333-8FDC-42A3-9474-1A3956D46DE8}") = "3.Hafta(Constructor)", "3.Hafta(Constructor)", "{01DB9C83-9F37-4A80-8417-042F0E49D2DD}"
EndProject
Project("{8BC9CEB8-8B4A-11D0-8D11-00A0C91BC942}") = "CS1.3", "..\CS1.3\CS1.3.vcxproj", "{C927014C-DE48-4B19-B3D3-754D08D3EBFC}"
EndProject
Global
	GlobalSection(SolutionConfigurationPlatforms) = preSolution
		Debug|x64 = Debug|x64
		Debug|x86 = Debug|x86
		Release|x64 = Release|x64
		Release|x86 = Release|x86
	EndGlobalSection
	GlobalSection(ProjectConfigurationPlatforms) = postSolution
		{6FAF4DDE-8428-4FD9-9347-BC63F14BD315}.Debug|x64.ActiveCfg = Debug|x64
		{6FAF4DDE-8428-4FD9-9347-BC63F14BD315}.Debug|x64.Build.0 = Debug|x64
		{6FAF4DDE-8428-4FD9-9347-BC63F14BD315}.Debug|x86.ActiveCfg = Debug|Win32
		{6FAF4DDE-8428-4FD9-9347-BC63F14BD315}.Debug|x86.Build.0 = Debug|Win32
		{6FAF4DDE-8428-4FD9-9347-BC63F14BD315}.Release|x64.ActiveCfg = Release|x64
		{6FAF4DDE-8428-4FD9-9347-BC63F14BD315}.Release|x64.Build.0 = Release|x64
		{6FAF4DDE-8428-4FD9-9347-BC63F14BD315}.Release|x86.ActiveCfg = Release|Win32
		{6FAF4DDE-8428-4FD9-9347-BC63F14BD315}.Release|x86.Build.0 = Release|Win32
		{3FAB07A3-ACC2-4844-9748-A50211520786}.Debug|x64.ActiveCfg = Debug|x64
		{3FAB07A3-ACC2-4844-9748-A50211520786}.Debug|x64.Build.0 = Debug|x64
		{3FAB07A3-ACC2-4844-9748-A50211520786}.Debug|x86.ActiveCfg = Debug|Win32
		{3FAB07A3-ACC2-4844-9748-A50211520786}.Debug|x86.Build.0 = Debug|Win32
		{3FAB07A3-ACC2-4844-9748-A50211520786}.Release|x64.ActiveCfg = Release|x64
		{3FAB07A3-ACC2-4844-9748-A50211520786}.Release|x64.Build.0 = Release|x64
		{3FAB07A3-ACC2-4844-9748-A50211520786}.Release|x86.ActiveCfg = Release|Win32
		{3FAB07A3-ACC2-4844-9748-A50211520786}.Release|x86.Build.0 = Release|Win32
		{BD458AD0-F68E-4250-BD70-5E8BF761751C}.Debug|x64.ActiveCfg = Debug|x64
		{BD458AD0-F68E-4250-BD70-5E8BF761751C}.Debug|x64.Build.0 = Debug|x64
		{BD458AD0-F68E-4250-BD70-5E8BF761751C}.Debug|x86.ActiveCfg = Debug|Win32
		{BD458AD0-F68E-4250-BD70-5E8BF761751C}.Debug|x86.Build.0 = Debug|Win32
		{BD458AD0-F68E-4250-BD70-5E8BF761751C}.Release|x64.ActiveCfg = Release|x64
		{BD458AD0-F68E-4250-BD70-5E8BF761751C}.Release|x64.Build.0 = Release|x64
		{BD458AD0-F68E-4250-BD70-5E8BF761751C}.Release|x86.ActiveCfg = Release|Win32
		{BD458AD0-F68E-4250-BD70-5E8BF761751C}.Release|x86.Build.0 = Release|Win32
		{C7BDEE5E-010E-4617-8055-CAC607594625}.Debug|x64.ActiveCfg = Debug|x64
		{C7BDEE5E-010E-4617-8055-CAC607594625}.Debug|x64.Build.0 = Debug|x64
		{C7BDEE5E-010E-4617-8055-CAC607594625}.Debug|x86.ActiveCfg = Debug|Win32
		{C7BDEE5E-010E-4617-8055-CAC607594625}.Debug|x86.Build.0 = Debug|Win32
		{C7BDEE5E-010E-4617-8055-CAC607594625}.Release|x64.ActiveCfg = Release|x64
		{C7BDEE5E-010E-4617-8055-CAC607594625}.Release|x64.Build.0 = Release|x64
		{C7BDEE5E-010E-4617-8055-CAC607594625}.Release|x86.ActiveCfg = Release|Win32
		{C7BDEE5E-010E-4617-8055-CAC607594625}.Release|x86.Build.0 = Release|Win32
		{C64C2526-6267-4ABA-8F96-726A6F5307ED}.Debug|x64.ActiveCfg = Debug|x64
		{C64C2526-6267-4ABA-8F96-726A6F5307ED}.Debug|x64.Build.0 = Debug|x64
		{C64C2526-6267-4ABA-8F96-726A6F5307ED}.Debug|x86.ActiveCfg = Debug|Win32
		{C64C2526-6267-4ABA-8F96-726A6F5307ED}.Debug|x86.Build.0 = Debug|Win32
		{C64C2526-6267-4ABA-8F96-726A6F5307ED}.Release|x64.ActiveCfg = Release|x64
		{C64C2526-6267-4ABA-8F96-726A6F5307ED}.Release|x64.Build.0 = Release|x64
		{C64C2526-6267-4ABA-8F96-726A6F5307ED}.Release|x86.ActiveCfg = Release|Win32
		{C64C2526-6267-4ABA-8F96-726A6F5307ED}.Release|x86.Build.0 = Release|Win32
		{F2AD668D-7DDA-4846-A53C-71F8B40090E4}.Debug|x64.ActiveCfg = Debug|x64
		{F2AD668D-7DDA-4846-A53C-71F8B40090E4}.Debug|x64.Build.0 = Debug|x64
		{F2AD668D-7DDA-4846-A53C-71F8B40090E4}.Debug|x86.ActiveCfg = Debug|Win32
		{F2AD668D-7DDA-4846-A53C-71F8B40090E4}.Debug|x86.Build.0 = Debug|Win32
		{F2AD668D-7DDA-4846-A53C-71F8B40090E4}.Release|x64.ActiveCfg = Release|x64
		{F2AD668D-7DDA-4846-A53C-71F8B40090E4}.Release|x64.Build.0 = Release|x64
		{F2AD668D-7DDA-4846-A53C-71F8B40090E4}.Release|x86.ActiveCfg = Release|Win32
		{F2AD668D-7DDA-4846-A53C-71F8B40090E4}.Release|x86.Build.0 = Release|Win32
		{7A3C97B4-DDE2-4968-8C0E-7722413C4A79}.Debug|x64.ActiveCfg = Debug|x64
		{7A3C97B4-DDE2-4968-8C0E-7722413C4A79}.Debug|x64.Build.0 = Debug|x64
		{7A3C97B4-DDE2-4968-8C0E-7722413C4A79}.Debug|x86.ActiveCfg = Debug|Win32
		{7A3C97B4-DDE2-4968-8C0E-7722413C4A79}.Debug|x86.Build.0 = Debug|Win32
		{7A3C97B4-DDE2-4968-8C0E-7722413C4A79}.Release|x64.ActiveCfg = Release|x64
		{7A3C97B4-DDE2-4968-8C0E-7722413C4A79}.Release|x64.Build.0 = Release|x64
		{7A3C97B4-DDE2-4968-8C0E-7722413C4A79}.Release|x86.ActiveCfg = Release|Win32
		{7A3C97B4-DDE2-4968-8C0E-7722413C4A79}.Release|x86.Build.0 = Release|Win32
		{5BF97ADE-1CFB-4918-BB18-861BEA392790}.Debug|x64.ActiveCfg = Debug|x64
		{5BF97ADE-1CFB-4918-BB18-861BEA392790}.Debug|x64.Build.0 = Debug|x64
		{5BF97ADE-1CFB-4918-BB18-861BEA392790}.Debug|x86.ActiveCfg = Debug|Win32
		{5BF97ADE-1CFB-4918-BB18-861BEA392790}.Debug|x86.Build.0 = Debug|Win32
		{5BF97ADE-1CFB-4918-BB18-861BEA392790}.Release|x64.ActiveCfg = Release|x64
		{5BF97ADE-1CFB-4918-BB18-861BEA392790}.Release|x64.Build.0 = Release|x64
		{5BF97ADE-1CFB-4918-BB18-861BEA392790}.Release|x86.ActiveCfg = Release|Win32
		{5BF97ADE-1CFB-4918-BB18-861BEA392790}.Release|x86.Build.0 = Release|Win32
		{3E2B21A7-5CE5-4652-AB35-83E17E64F52C}.Debug|x64.ActiveCfg = Debug|x64
		{3E2B21A7-5CE5-4652-AB35-83E17E64F52C}.Debug|x64.Build.0 = Debug|x64
		{3E2B21A7-5CE5-4652-AB35-83E17E64F52C}.Debug|x86.ActiveCfg = Debug|Win32
		{3E2B21A7-5CE5-4652-AB35-83E17E64F52C}.Debug|x86.Build.0 = Debug|Win32
		{3E2B21A7-5CE5-4652-AB35-83E17E64F52C}.Release|x64.ActiveCfg = Release|x64
		{3E2B21A7-5CE5-4652-AB35-83E17E64F52C}.Release|x64.Build.0 = Release|x64
		{3E2B21A7-5CE5-4652-AB35-83E17E64F52C}.Release|x86.ActiveCfg = Release|Win32
		{3E2B21A7-5CE5-4652-AB35-83E17E64F52C}.Release|x86.Build.0 = Release|Win32
		{2CCB26E6-E668-436A-8391-B7FBD6946C4E}.Debug|x64.ActiveCfg = Debug|x64
		{2CCB26E6-E668-436A-8391-B7FBD6946C4E}.Debug|x64.Build.0 = Debug|x64
		{2CCB26E6-E668-436A-8391-B7FBD6946C4E}.Debug|x86.ActiveCfg = Debug|Win32
		{2CCB26E6-E668-436A-8391-B7FBD6946C4E}.Debug|x86.Build.0 = Debug|Win32
		{2CCB26E6-E668-436A-8391-B7FBD6946C4E}.Release|x64.ActiveCfg = Release|x64
		{2CCB26E6-E668-436A-8391-B7FBD6946C4E}.Release|x64.Build.0 = Release|x64
		{2CCB26E6-E668-436A-8391-B7FBD6946C4E}.Release|x86.ActiveCfg = Release|Win32
		{2CCB26E6-E668-436A-8391-B7FBD6946C4E}.Release|x86.Build.0 = Release|Win32
		{A27D0A56-7885-4667-B66D-16F4F9009EB4}.Debug|x64.ActiveCfg = Debug|x64
		{A27D0A56-7885-4667-B66D-16F4F9009EB4}.Debug|x64.Build.0 = Debug|x64
		{A27D0A56-7885-4667-B66D-16F4F9009EB4}.Debug|x86.ActiveCfg = Debug|Win32
		{A27D0A56-7885-4667-B66D-16F4F9009EB4}.Debug|x86.Build.0 = Debug|Win32
		{A27D0A56-7885-4667-B66D-16F4F9009EB4}.Release|x64.ActiveCfg = Release|x64
		{A27D0A56-7885-4667-B66D-16F4F9009EB4}.Release|x64.Build.0 = Release|x64
		{A27D0A56-7885-4667-B66D-16F4F9009EB4}.Release|x86.ActiveCfg = Release|Win32
		{A27D0A56-7885-4667-B66D-16F4F9009EB4}.Release|x86.Build.0 = Release|Win32
		{1CA329DD-DA5E-49D2-90F5-07CB409B2C27}.Debug|x64.ActiveCfg = Debug|x64
		{1CA329DD-DA5E-49D2-90F5-07CB409B2C27}.Debug|x64.Build.0 = Debug|x64
		{1CA329DD-DA5E-49D2-90F5-07CB409B2C27}.Debug|x86.ActiveCfg = Debug|Win32
		{1CA329DD-DA5E-49D2-90F5-07CB409B2C27}.Debug|x86.Build.0 = Debug|Win32
		{1CA329DD-DA5E-49D2-90F5-07CB409B2C27}.Release|x64.ActiveCfg = Release|x64
		{1CA329DD-DA5E-49D2-90F5-07CB409B2C27}.Release|x64.Build.0 = Release|x64
		{1CA329DD-DA5E-49D2-90F5-07CB409B2C27}.Release|x86.ActiveCfg = Release|Win32
		{1CA329DD-DA5E-49D2-90F5-07CB409B2C27}.Release|x86.Build.0 = Release|Win32
		{959296E4-F3BB-46ED-AD82-A95D84CA19C7}.Debug|x64.ActiveCfg = Debug|x64
		{959296E4-F3BB-46ED-AD82-A95D84CA19C7}.Debug|x64.Build.0 = Debug|x64
		{959296E4-F3BB-46ED-AD82-A95D84CA19C7}.Debug|x86.ActiveCfg = Debug|Win32
		{959296E4-F3BB-46ED-AD82-A95D84CA19C7}.Debug|x86.Build.0 = Debug|Win32
		{959296E4-F3BB-46ED-AD82-A95D84CA19C7}.Release|x64.ActiveCfg = Release|x64
		{959296E4-F3BB-46ED-AD82-A95D84CA19C7}.Release|x64.Build.0 = Release|x64
		{959296E4-F3BB-46ED-AD82-A95D84CA19C7}.Release|x86.ActiveCfg = Release|Win32
		{959296E4-F3BB-46ED-AD82-A95D84CA19C7}.Release|x86.Build.0 = Release|Win32
		{9AEF9924-4947-4984-9B26-11FBD883FDAA}.Debug|x64.ActiveCfg = Debug|x64
		{9AEF9924-4947-4984-9B26-11FBD883FDAA}.Debug|x64.Build.0 = Debug|x64
		{9AEF9924-4947-4984-9B26-11FBD883FDAA}.Debug|x86.ActiveCfg = Debug|Win32
		{9AEF9924-4947-4984-9B26-11FBD883FDAA}.Debug|x86.Build.0 = Debug|Win32
		{9AEF9924-4947-4984-9B26-11FBD883FDAA}.Release|x64.ActiveCfg = Release|x64
		{9AEF9924-4947-4984-9B26-11FBD883FDAA}.Release|x64.Build.0 = Release|x64
		{9AEF9924-4947-4984-9B26-11FBD883FDAA}.Release|x86.ActiveCfg = Release|Win32
		{9AEF9924-4947-4984-9B26-11FBD883FDAA}.Release|x86.Build.0 = Release|Win32
		{9AA9D49B-CD8D-459D-95B4-84677AB9D5ED}.Debug|x64.ActiveCfg = Debug|x64
		{9AA9D49B-CD8D-459D-95B4-84677AB9D5ED}.Debug|x64.Build.0 = Debug|x64
		{9AA9D49B-CD8D-459D-95B4-84677AB9D5ED}.Debug|x86.ActiveCfg = Debug|Win32
		{9AA9D49B-CD8D-459D-95B4-84677AB9D5ED}.Debug|x86.Build.0 = Debug|Win32
		{9AA9D49B-CD8D-459D-95B4-84677AB9D5ED}.Release|x64.ActiveCfg = Release|x64
		{9AA9D49B-CD8D-459D-95B4-84677AB9D5ED}.Release|x64.Build.0 = Release|x64
		{9AA9D49B-CD8D-459D-95B4-84677AB9D5ED}.Release|x86.ActiveCfg = Release|Win32
		{9AA9D49B-CD8D-459D-95B4-84677AB9D5ED}.Release|x86.Build.0 = Release|Win32
		{26C8E1B6-F556-4785-8423-DEA26E9ED2E0}.Debug|x64.ActiveCfg = Debug|x64
		{26C8E1B6-F556-4785-8423-DEA26E9ED2E0}.Debug|x64.Build.0 = Debug|x64
		{26C8E1B6-F556-4785-8423-DEA26E9ED2E0}.Debug|x86.ActiveCfg = Debug|Win32
		{26C8E1B6-F556-4785-8423-DEA26E9ED2E0}.Debug|x86.Build.0 = Debug|Win32
		{26C8E1B6-F556-4785-8423-DEA26E9ED2E0}.Release|x64.ActiveCfg = Release|x64
		{26C8E1B6-F556-4785-8423-DEA26E9ED2E0}.Release|x64.Build.0 = Release|x64
		{26C8E1B6-F556-4785-8423-DEA26E9ED2E0}.Release|x86.ActiveCfg = Release|Win32
		{26C8E1B6-F556-4785-8423-DEA26E9ED2E0}.Release|x86.Build.0 = Release|Win32
		{C927014C-DE48-4B19-B3D3-754D08D3EBFC}.Debug|x64.ActiveCfg = Debug|x64
		{C927014C-DE48-4B19-B3D3-754D08D3EBFC}.Debug|x64.Build.0 = Debug|x64
		{C927014C-DE48-4B19-B3D3-754D08D3EBFC}.Debug|x86.ActiveCfg = Debug|Win32
		{C927014C-DE48-4B19-B3D3-754D08D3EBFC}.Debug|x86.Build.0 = Debug|Win32
		{C927014C-DE48-4B19-B3D3-754D08D3EBFC}.Release|x64.ActiveCfg = Release|x64
		{C927014C-DE48-4B19-B3D3-754D08D3EBFC}.Release|x64.Build.0 = Release|x64
		{C927014C-DE48-4B19-B3D3-754D08D3EBFC}.Release|x86.ActiveCfg = Release|Win32
		{C927014C-DE48-4B19-B3D3-754D08D3EBFC}.Release|x86.Build.0 = Release|Win32
	EndGlobalSection
	GlobalSection(SolutionProperties) = preSolution
		HideSolutionNode = FALSE
	EndGlobalSection
	GlobalSection(NestedProjects) = preSolution
		{6FAF4DDE-8428-4FD9-9347-BC63F14BD315} = {BA2E671B-1D23-4A12-BE9C-9053A27CC596}
		{3FAB07A3-ACC2-4844-9748-A50211520786} = {BA2E671B-1D23-4A12-BE9C-9053A27CC596}
		{BD458AD0-F68E-4250-BD70-5E8BF761751C} = {BA2E671B-1D23-4A12-BE9C-9053A27CC596}
		{C7BDEE5E-010E-4617-8055-CAC607594625} = {BA2E671B-1D23-4A12-BE9C-9053A27CC596}
		{C64C2526-6267-4ABA-8F96-726A6F5307ED} = {BA2E671B-1D23-4A12-BE9C-9053A27CC596}
		{F2AD668D-7DDA-4846-A53C-71F8B40090E4} = {BA2E671B-1D23-4A12-BE9C-9053A27CC596}
		{7A3C97B4-DDE2-4968-8C0E-7722413C4A79} = {BA2E671B-1D23-4A12-BE9C-9053A27CC596}
		{5BF97ADE-1CFB-4918-BB18-861BEA392790} = {E5B16ADD-E13A-4D24-80F7-5B5772B6CE5A}
		{3E2B21A7-5CE5-4652-AB35-83E17E64F52C} = {E5B16ADD-E13A-4D24-80F7-5B5772B6CE5A}
		{2CCB26E6-E668-436A-8391-B7FBD6946C4E} = {E5B16ADD-E13A-4D24-80F7-5B5772B6CE5A}
		{A27D0A56-7885-4667-B66D-16F4F9009EB4} = {E5B16ADD-E13A-4D24-80F7-5B5772B6CE5A}
		{1CA329DD-DA5E-49D2-90F5-07CB409B2C27} = {E5B16ADD-E13A-4D24-80F7-5B5772B6CE5A}
		{959296E4-F3BB-46ED-AD82-A95D84CA19C7} = {E5B16ADD-E13A-4D24-80F7-5B5772B6CE5A}
		{9AEF9924-4947-4984-9B26-11FBD883FDAA} = {E5B16ADD-E13A-4D24-80F7-5B5772B6CE5A}
		{9AA9D49B-CD8D-459D-95B4-84677AB9D5ED} = {E5B16ADD-E13A-4D24-80F7-5B5772B6CE5A}
		{26C8E1B6-F556-4785-8423-DEA26E9ED2E0} = {E5B16ADD-E13A-4D24-80F7-5B5772B6CE5A}
		{C927014C-DE48-4B19-B3D3-754D08D3EBFC} = {01DB9C83-9F37-4A80-8417-042F0E49D2DD}
	EndGlobalSection
	GlobalSection(ExtensibilityGlobals) = postSolution
		SolutionGuid = {5EBC9142-F70D-467D-BEF3-BBF782B6AD02}
	EndGlobalSection
EndGlobal
